
Microsoft Visual Studio Solution File, Format Version 12.00
# Visual Studio 15
VisualStudioVersion = 15.0.28010.2046
MinimumVisualStudioVersion = 10.0.40219.1
Project("{FAE04EC0-301F-11D3-BF4B-00C04F79EFBC}") = "LogicCalcForm", "LogicCalcForm\LogicCalcForm.csproj", "{8053D612-4F67-4852-83BB-EDE9C94B6D7D}"
EndProject
Global
	GlobalSection(SolutionConfigurationPlatforms) = preSolution
		Debug|Any CPU = Debug|Any CPU
		Release|Any CPU = Release|Any CPU
	EndGlobalSection
	GlobalSection(ProjectConfigurationPlatforms) = postSolution
		{8053D612-4F67-4852-83BB-EDE9C94B6D7D}.Debug|Any CPU.ActiveCfg = Debug|Any CPU
		{8053D612-4F67-4852-83BB-EDE9C94B6D7D}.Debug|Any CPU.Build.0 = Debug|Any CPU
		{8053D612-4F67-4852-83BB-EDE9C94B6D7D}.Release|Any CPU.ActiveCfg = Release|Any CPU
		{8053D612-4F67-4852-83BB-EDE9C94B6D7D}.Release|Any CPU.Build.0 = Release|Any CPU
	EndGlobalSection
	GlobalSection(SolutionProperties) = preSolution
		HideSolutionNode = FALSE
	EndGlobalSection
	GlobalSection(ExtensibilityGlobals) = postSolution
		SolutionGuid = {534421D5-7CB2-4082-B15D-B2B8B73593AE}
	EndGlobalSection
EndGlobal
